
Microsoft Visual Studio Solution File, Format Version 12.00
# Visual Studio Version 17
VisualStudioVersion = 17.5.33516.290
MinimumVisualStudioVersion = 10.0.40219.1
Project("{9A19103F-16F7-4668-BE54-9A1E7A4F7556}") = "Sakuraa_RGB_Keyboard", "Sakuraa_RGB_Keyboard\Sakuraa_RGB_Keyboard.csproj", "{2D9405D0-5130-4EDC-A808-97955B676049}"
EndProject
Global
	GlobalSection(SolutionConfigurationPlatforms) = preSolution
		Debug|Any CPU = Debug|Any CPU
		Release|Any CPU = Release|Any CPU
	EndGlobalSection
	GlobalSection(ProjectConfigurationPlatforms) = postSolution
		{2D9405D0-5130-4EDC-A808-97955B676049}.Debug|Any CPU.ActiveCfg = Debug|Any CPU
		{2D9405D0-5130-4EDC-A808-97955B676049}.Debug|Any CPU.Build.0 = Debug|Any CPU
		{2D9405D0-5130-4EDC-A808-97955B676049}.Release|Any CPU.ActiveCfg = Release|Any CPU
		{2D9405D0-5130-4EDC-A808-97955B676049}.Release|Any CPU.Build.0 = Release|Any CPU
	EndGlobalSection
	GlobalSection(SolutionProperties) = preSolution
		HideSolutionNode = FALSE
	EndGlobalSection
	GlobalSection(ExtensibilityGlobals) = postSolution
		SolutionGuid = {BBEDB86B-10F7-4ABF-890D-A04297DAA5DB}
	EndGlobalSection
EndGlobal
